
Microsoft Visual Studio Solution File, Format Version 12.00
# Visual Studio Version 17
VisualStudioVersion = 17.3.32819.101
MinimumVisualStudioVersion = 10.0.40219.1
Project("{FAE04EC0-301F-11D3-BF4B-00C04F79EFBC}") = "lab4", "lab4\lab4.csproj", "{4BAEFE31-D37A-4F6B-B2FD-A716F79F7AB2}"
EndProject
Global
	GlobalSection(SolutionConfigurationPlatforms) = preSolution
		Debug|Any CPU = Debug|Any CPU
		Release|Any CPU = Release|Any CPU
	EndGlobalSection
	GlobalSection(ProjectConfigurationPlatforms) = postSolution
		{4BAEFE31-D37A-4F6B-B2FD-A716F79F7AB2}.Debug|Any CPU.ActiveCfg = Debug|Any CPU
		{4BAEFE31-D37A-4F6B-B2FD-A716F79F7AB2}.Debug|Any CPU.Build.0 = Debug|Any CPU
		{4BAEFE31-D37A-4F6B-B2FD-A716F79F7AB2}.Release|Any CPU.ActiveCfg = Release|Any CPU
		{4BAEFE31-D37A-4F6B-B2FD-A716F79F7AB2}.Release|Any CPU.Build.0 = Release|Any CPU
	EndGlobalSection
	GlobalSection(SolutionProperties) = preSolution
		HideSolutionNode = FALSE
	EndGlobalSection
	GlobalSection(ExtensibilityGlobals) = postSolution
		SolutionGuid = {BBFAE3C8-11F6-4592-82A1-3F31AC58811A}
	EndGlobalSection
EndGlobal
